
Microsoft Visual Studio Solution File, Format Version 12.00
# Visual Studio Express 2013 for Windows Desktop
VisualStudioVersion = 12.0.21005.1
MinimumVisualStudioVersion = 10.0.40219.1
Project("{FAE04EC0-301F-11D3-BF4B-00C04F79EFBC}") = "CSharpMiner", "CSharpMiner\CSharpMiner.csproj", "{0EE026B7-8A64-4D56-985F-AC200D577784}"
EndProject
Project("{FAE04EC0-301F-11D3-BF4B-00C04F79EFBC}") = "CSharpMinerProgram", "CSharpMinerProgram\CSharpMinerProgram.csproj", "{00BE2C5A-2EB3-428E-B8CB-EB0222987A90}"
EndProject
Project("{FAE04EC0-301F-11D3-BF4B-00C04F79EFBC}") = "TestPlugin", "TestPlugin\TestPlugin.csproj", "{078B6704-3D5E-45A6-A58E-9AED51251A95}"
EndProject
Project("{FAE04EC0-301F-11D3-BF4B-00C04F79EFBC}") = "ZeusMinerGen1Plugin", "ZeusMinerGen1Plugin\ZeusMinerGen1Plugin.csproj", "{A08F3076-FDF1-4A28-8D59-1A41710493AD}"
EndProject
Project("{FAE04EC0-301F-11D3-BF4B-00C04F79EFBC}") = "StratumPlugin", "StratumPlugin\StratumPlugin.csproj", "{8FB60CBD-FD04-492A-BAF9-DCC6269ECB03}"
EndProject
Global
	GlobalSection(SolutionConfigurationPlatforms) = preSolution
		Debug|Any CPU = Debug|Any CPU
		Release|Any CPU = Release|Any CPU
	EndGlobalSection
	GlobalSection(ProjectConfigurationPlatforms) = postSolution
		{0EE026B7-8A64-4D56-985F-AC200D577784}.Debug|Any CPU.ActiveCfg = Debug|Any CPU
		{0EE026B7-8A64-4D56-985F-AC200D577784}.Debug|Any CPU.Build.0 = Debug|Any CPU
		{0EE026B7-8A64-4D56-985F-AC200D577784}.Release|Any CPU.ActiveCfg = Release|Any CPU
		{0EE026B7-8A64-4D56-985F-AC200D577784}.Release|Any CPU.Build.0 = Release|Any CPU
		{00BE2C5A-2EB3-428E-B8CB-EB0222987A90}.Debug|Any CPU.ActiveCfg = Debug|Any CPU
		{00BE2C5A-2EB3-428E-B8CB-EB0222987A90}.Debug|Any CPU.Build.0 = Debug|Any CPU
		{00BE2C5A-2EB3-428E-B8CB-EB0222987A90}.Release|Any CPU.ActiveCfg = Release|Any CPU
		{00BE2C5A-2EB3-428E-B8CB-EB0222987A90}.Release|Any CPU.Build.0 = Release|Any CPU
		{078B6704-3D5E-45A6-A58E-9AED51251A95}.Debug|Any CPU.ActiveCfg = Debug|Any CPU
		{078B6704-3D5E-45A6-A58E-9AED51251A95}.Debug|Any CPU.Build.0 = Debug|Any CPU
		{078B6704-3D5E-45A6-A58E-9AED51251A95}.Release|Any CPU.ActiveCfg = Release|Any CPU
		{078B6704-3D5E-45A6-A58E-9AED51251A95}.Release|Any CPU.Build.0 = Release|Any CPU
		{A08F3076-FDF1-4A28-8D59-1A41710493AD}.Debug|Any CPU.ActiveCfg = Debug|Any CPU
		{A08F3076-FDF1-4A28-8D59-1A41710493AD}.Debug|Any CPU.Build.0 = Debug|Any CPU
		{A08F3076-FDF1-4A28-8D59-1A41710493AD}.Release|Any CPU.ActiveCfg = Release|Any CPU
		{A08F3076-FDF1-4A28-8D59-1A41710493AD}.Release|Any CPU.Build.0 = Release|Any CPU
		{8FB60CBD-FD04-492A-BAF9-DCC6269ECB03}.Debug|Any CPU.ActiveCfg = Debug|Any CPU
		{8FB60CBD-FD04-492A-BAF9-DCC6269ECB03}.Debug|Any CPU.Build.0 = Debug|Any CPU
		{8FB60CBD-FD04-492A-BAF9-DCC6269ECB03}.Release|Any CPU.ActiveCfg = Release|Any CPU
		{8FB60CBD-FD04-492A-BAF9-DCC6269ECB03}.Release|Any CPU.Build.0 = Release|Any CPU
	EndGlobalSection
	GlobalSection(SolutionProperties) = preSolution
		HideSolutionNode = FALSE
	EndGlobalSection
EndGlobal
